
Microsoft Visual Studio Solution File, Format Version 12.00
# Visual Studio 14
VisualStudioVersion = 14.0.25420.1
MinimumVisualStudioVersion = 10.0.40219.1
Project("{FAE04EC0-301F-11D3-BF4B-00C04F79EFBC}") = "ConsoleApplicationLinq", "ConsoleApplicationLinq\ConsoleApplicationLinq.csproj", "{E193296C-6C64-40D5-BC7F-F20DF4E34B45}"
EndProject
Project("{FAE04EC0-301F-11D3-BF4B-00C04F79EFBC}") = "ConsoleApplicationLinqXml", "ConsoleApplicationLinqXml\ConsoleApplicationLinqXml.csproj", "{8598AC44-2F9C-4D7F-ABEA-0892F814DA38}"
EndProject
Project("{FAE04EC0-301F-11D3-BF4B-00C04F79EFBC}") = "ConsoleApplicationXML", "ConsoleApplicationXML\ConsoleApplicationXML.csproj", "{BB5D1A37-A907-4AC4-95FD-132A584AF10A}"
EndProject
Project("{FAE04EC0-301F-11D3-BF4B-00C04F79EFBC}") = "ConsoleApplicationRecorrerXML", "ConsoleApplicationRecorrerXML\ConsoleApplicationRecorrerXML.csproj", "{B166842F-1FCD-4FF7-AA31-C9FDBE1F7B47}"
EndProject
Project("{FAE04EC0-301F-11D3-BF4B-00C04F79EFBC}") = "ConsoleApplicationLinqSelecciones", "ConsoleApplicationLinqOps1\ConsoleApplicationLinqSelecciones.csproj", "{41D5D7E0-4904-4057-8458-12D378F626A3}"
EndProject
Project("{FAE04EC0-301F-11D3-BF4B-00C04F79EFBC}") = "ClassLibraryLinq", "ClassLibraryLinq\ClassLibraryLinq.csproj", "{1CF68898-2D76-4465-859B-2B576FD26908}"
EndProject
Project("{FAE04EC0-301F-11D3-BF4B-00C04F79EFBC}") = "ConsoleApplicationLinqAgrupaciones", "ConsoleApplicationLinqAgrupaciones\ConsoleApplicationLinqAgrupaciones.csproj", "{19D1DAA4-E5FF-4F71-B3A0-EB51226D9606}"
EndProject
Global
	GlobalSection(SolutionConfigurationPlatforms) = preSolution
		Debug|Any CPU = Debug|Any CPU
		Release|Any CPU = Release|Any CPU
	EndGlobalSection
	GlobalSection(ProjectConfigurationPlatforms) = postSolution
		{E193296C-6C64-40D5-BC7F-F20DF4E34B45}.Debug|Any CPU.ActiveCfg = Debug|Any CPU
		{E193296C-6C64-40D5-BC7F-F20DF4E34B45}.Debug|Any CPU.Build.0 = Debug|Any CPU
		{E193296C-6C64-40D5-BC7F-F20DF4E34B45}.Release|Any CPU.ActiveCfg = Release|Any CPU
		{E193296C-6C64-40D5-BC7F-F20DF4E34B45}.Release|Any CPU.Build.0 = Release|Any CPU
		{8598AC44-2F9C-4D7F-ABEA-0892F814DA38}.Debug|Any CPU.ActiveCfg = Debug|Any CPU
		{8598AC44-2F9C-4D7F-ABEA-0892F814DA38}.Debug|Any CPU.Build.0 = Debug|Any CPU
		{8598AC44-2F9C-4D7F-ABEA-0892F814DA38}.Release|Any CPU.ActiveCfg = Release|Any CPU
		{8598AC44-2F9C-4D7F-ABEA-0892F814DA38}.Release|Any CPU.Build.0 = Release|Any CPU
		{BB5D1A37-A907-4AC4-95FD-132A584AF10A}.Debug|Any CPU.ActiveCfg = Debug|Any CPU
		{BB5D1A37-A907-4AC4-95FD-132A584AF10A}.Debug|Any CPU.Build.0 = Debug|Any CPU
		{BB5D1A37-A907-4AC4-95FD-132A584AF10A}.Release|Any CPU.ActiveCfg = Release|Any CPU
		{BB5D1A37-A907-4AC4-95FD-132A584AF10A}.Release|Any CPU.Build.0 = Release|Any CPU
		{B166842F-1FCD-4FF7-AA31-C9FDBE1F7B47}.Debug|Any CPU.ActiveCfg = Debug|Any CPU
		{B166842F-1FCD-4FF7-AA31-C9FDBE1F7B47}.Debug|Any CPU.Build.0 = Debug|Any CPU
		{B166842F-1FCD-4FF7-AA31-C9FDBE1F7B47}.Release|Any CPU.ActiveCfg = Release|Any CPU
		{B166842F-1FCD-4FF7-AA31-C9FDBE1F7B47}.Release|Any CPU.Build.0 = Release|Any CPU
		{41D5D7E0-4904-4057-8458-12D378F626A3}.Debug|Any CPU.ActiveCfg = Debug|Any CPU
		{41D5D7E0-4904-4057-8458-12D378F626A3}.Debug|Any CPU.Build.0 = Debug|Any CPU
		{41D5D7E0-4904-4057-8458-12D378F626A3}.Release|Any CPU.ActiveCfg = Release|Any CPU
		{41D5D7E0-4904-4057-8458-12D378F626A3}.Release|Any CPU.Build.0 = Release|Any CPU
		{1CF68898-2D76-4465-859B-2B576FD26908}.Debug|Any CPU.ActiveCfg = Debug|Any CPU
		{1CF68898-2D76-4465-859B-2B576FD26908}.Debug|Any CPU.Build.0 = Debug|Any CPU
		{1CF68898-2D76-4465-859B-2B576FD26908}.Release|Any CPU.ActiveCfg = Release|Any CPU
		{1CF68898-2D76-4465-859B-2B576FD26908}.Release|Any CPU.Build.0 = Release|Any CPU
		{19D1DAA4-E5FF-4F71-B3A0-EB51226D9606}.Debug|Any CPU.ActiveCfg = Debug|Any CPU
		{19D1DAA4-E5FF-4F71-B3A0-EB51226D9606}.Debug|Any CPU.Build.0 = Debug|Any CPU
		{19D1DAA4-E5FF-4F71-B3A0-EB51226D9606}.Release|Any CPU.ActiveCfg = Release|Any CPU
		{19D1DAA4-E5FF-4F71-B3A0-EB51226D9606}.Release|Any CPU.Build.0 = Release|Any CPU
	EndGlobalSection
	GlobalSection(SolutionProperties) = preSolution
		HideSolutionNode = FALSE
	EndGlobalSection
EndGlobal
